// !$*UTF8*$!
{
	archiveVersion = 1;
	classes = {
	};
	objectVersion = 46;
	objects = {

/* Begin PBXBuildFile section */
		4003D4F61DAB7EFC00E574B7 /* AppDelegate.swift in Sources */ = {isa = PBXBuildFile; fileRef = 4003D4F51DAB7EFC00E574B7 /* AppDelegate.swift */; };
		4003D4F81DAB7EFC00E574B7 /* ViewController.swift in Sources */ = {isa = PBXBuildFile; fileRef = 4003D4F71DAB7EFC00E574B7 /* ViewController.swift */; };
		4003D4FB1DAB7EFC00E574B7 /* Main.storyboard in Resources */ = {isa = PBXBuildFile; fileRef = 4003D4F91DAB7EFC00E574B7 /* Main.storyboard */; };
		4003D4FD1DAB7EFC00E574B7 /* Assets.xcassets in Resources */ = {isa = PBXBuildFile; fileRef = 4003D4FC1DAB7EFC00E574B7 /* Assets.xcassets */; };
		4003D5001DAB7EFC00E574B7 /* LaunchScreen.storyboard in Resources */ = {isa = PBXBuildFile; fileRef = 4003D4FE1DAB7EFC00E574B7 /* LaunchScreen.storyboard */; };
		4003D50B1DAB7EFC00E574B7 /* TranslateDemoTests.swift in Sources */ = {isa = PBXBuildFile; fileRef = 4003D50A1DAB7EFC00E574B7 /* TranslateDemoTests.swift */; };
		4003D5161DAB7EFC00E574B7 /* TranslateDemoUITests.swift in Sources */ = {isa = PBXBuildFile; fileRef = 4003D5151DAB7EFC00E574B7 /* TranslateDemoUITests.swift */; };
		4003D5241DAB7F8B00E574B7 /* TranslateService.swift in Sources */ = {isa = PBXBuildFile; fileRef = 4003D5231DAB7F8B00E574B7 /* TranslateService.swift */; };
		4087612D1DAB9894008378DB /* XMLDictionary.m in Sources */ = {isa = PBXBuildFile; fileRef = 4087612C1DAB9894008378DB /* XMLDictionary.m */; };
		4087612F1DAC8702008378DB /* TranslateAPI.swift in Sources */ = {isa = PBXBuildFile; fileRef = 4087612E1DAC8702008378DB /* TranslateAPI.swift */; };
		4087613B1DACC738008378DB /* TextDrawable.swift in Sources */ = {isa = PBXBuildFile; fileRef = 4087613A1DACC738008378DB /* TextDrawable.swift */; };
		82144E0BA890F6CCA8FD1110 /* Pods_TranslateDemoUITests.framework in Frameworks */ = {isa = PBXBuildFile; fileRef = 3E5F0BDA24B5EB99CF5D8145 /* Pods_TranslateDemoUITests.framework */; };
		EBD75077C617707BD41FD220 /* Pods_TranslateDemo.framework in Frameworks */ = {isa = PBXBuildFile; fileRef = 5E6B95476C0AD4B63580F8BA /* Pods_TranslateDemo.framework */; };
		F3729FCA41B584EDE4736D6E /* Pods_TranslateDemoTests.framework in Frameworks */ = {isa = PBXBuildFile; fileRef = 1072CA4ED31BC89017E6556D /* Pods_TranslateDemoTests.framework */; };
/* End PBXBuildFile section */

/* Begin PBXContainerItemProxy section */
		4003D5071DAB7EFC00E574B7 /* PBXContainerItemProxy */ = {
			isa = PBXContainerItemProxy;
			containerPortal = 4003D4EA1DAB7EFC00E574B7 /* Project object */;
			proxyType = 1;
			remoteGlobalIDString = 4003D4F11DAB7EFC00E574B7;
			remoteInfo = TranslateDemo;
		};
		4003D5121DAB7EFC00E574B7 /* PBXContainerItemProxy */ = {
			isa = PBXContainerItemProxy;
			containerPortal = 4003D4EA1DAB7EFC00E574B7 /* Project object */;
			proxyType = 1;
			remoteGlobalIDString = 4003D4F11DAB7EFC00E574B7;
			remoteInfo = TranslateDemo;
		};
/* End PBXContainerItemProxy section */

/* Begin PBXFileReference section */
		1072CA4ED31BC89017E6556D /* Pods_TranslateDemoTests.framework */ = {isa = PBXFileReference; explicitFileType = wrapper.framework; includeInIndex = 0; path = Pods_TranslateDemoTests.framework; sourceTree = BUILT_PRODUCTS_DIR; };
		15E68EAEFBACC8673BD5EB37 /* Pods-TranslateDemoTests.release.xcconfig */ = {isa = PBXFileReference; includeInIndex = 1; lastKnownFileType = text.xcconfig; name = "Pods-TranslateDemoTests.release.xcconfig"; path = "Pods/Target Support Files/Pods-TranslateDemoTests/Pods-TranslateDemoTests.release.xcconfig"; sourceTree = "<group>"; };
		1D5E466343B9F36331CD5CE6 /* Pods-TranslateDemo.debug.xcconfig */ = {isa = PBXFileReference; includeInIndex = 1; lastKnownFileType = text.xcconfig; name = "Pods-TranslateDemo.debug.xcconfig"; path = "Pods/Target Support Files/Pods-TranslateDemo/Pods-TranslateDemo.debug.xcconfig"; sourceTree = "<group>"; };
		1DDFB0AEF6FEEA0614B2AD04 /* Pods-TranslateDemo.release.xcconfig */ = {isa = PBXFileReference; includeInIndex = 1; lastKnownFileType = text.xcconfig; name = "Pods-TranslateDemo.release.xcconfig"; path = "Pods/Target Support Files/Pods-TranslateDemo/Pods-TranslateDemo.release.xcconfig"; sourceTree = "<group>"; };
		3A8B1ADE497FECEE003E61DC /* Pods-TranslateDemoUITests.release.xcconfig */ = {isa = PBXFileReference; includeInIndex = 1; lastKnownFileType = text.xcconfig; name = "Pods-TranslateDemoUITests.release.xcconfig"; path = "Pods/Target Support Files/Pods-TranslateDemoUITests/Pods-TranslateDemoUITests.release.xcconfig"; sourceTree = "<group>"; };
		3E5F0BDA24B5EB99CF5D8145 /* Pods_TranslateDemoUITests.framework */ = {isa = PBXFileReference; explicitFileType = wrapper.framework; includeInIndex = 0; path = Pods_TranslateDemoUITests.framework; sourceTree = BUILT_PRODUCTS_DIR; };
		4003D4F21DAB7EFC00E574B7 /* TranslateDemo.app */ = {isa = PBXFileReference; explicitFileType = wrapper.application; includeInIndex = 0; path = TranslateDemo.app; sourceTree = BUILT_PRODUCTS_DIR; };
		4003D4F51DAB7EFC00E574B7 /* AppDelegate.swift */ = {isa = PBXFileReference; lastKnownFileType = sourcecode.swift; path = AppDelegate.swift; sourceTree = "<group>"; };
		4003D4F71DAB7EFC00E574B7 /* ViewController.swift */ = {isa = PBXFileReference; lastKnownFileType = sourcecode.swift; path = ViewController.swift; sourceTree = "<group>"; };
		4003D4FA1DAB7EFC00E574B7 /* Base */ = {isa = PBXFileReference; lastKnownFileType = file.storyboard; name = Base; path = Base.lproj/Main.storyboard; sourceTree = "<group>"; };
		4003D4FC1DAB7EFC00E574B7 /* Assets.xcassets */ = {isa = PBXFileReference; lastKnownFileType = folder.assetcatalog; path = Assets.xcassets; sourceTree = "<group>"; };
		4003D4FF1DAB7EFC00E574B7 /* Base */ = {isa = PBXFileReference; lastKnownFileType = file.storyboard; name = Base; path = Base.lproj/LaunchScreen.storyboard; sourceTree = "<group>"; };
		4003D5011DAB7EFC00E574B7 /* Info.plist */ = {isa = PBXFileReference; lastKnownFileType = text.plist.xml; path = Info.plist; sourceTree = "<group>"; };
		4003D5061DAB7EFC00E574B7 /* TranslateDemoTests.xctest */ = {isa = PBXFileReference; explicitFileType = wrapper.cfbundle; includeInIndex = 0; path = TranslateDemoTests.xctest; sourceTree = BUILT_PRODUCTS_DIR; };
		4003D50A1DAB7EFC00E574B7 /* TranslateDemoTests.swift */ = {isa = PBXFileReference; lastKnownFileType = sourcecode.swift; path = TranslateDemoTests.swift; sourceTree = "<group>"; };
		4003D50C1DAB7EFC00E574B7 /* Info.plist */ = {isa = PBXFileReference; lastKnownFileType = text.plist.xml; path = Info.plist; sourceTree = "<group>"; };
		4003D5111DAB7EFC00E574B7 /* TranslateDemoUITests.xctest */ = {isa = PBXFileReference; explicitFileType = wrapper.cfbundle; includeInIndex = 0; path = TranslateDemoUITests.xctest; sourceTree = BUILT_PRODUCTS_DIR; };
		4003D5151DAB7EFC00E574B7 /* TranslateDemoUITests.swift */ = {isa = PBXFileReference; lastKnownFileType = sourcecode.swift; path = TranslateDemoUITests.swift; sourceTree = "<group>"; };
		4003D5171DAB7EFC00E574B7 /* Info.plist */ = {isa = PBXFileReference; lastKnownFileType = text.plist.xml; path = Info.plist; sourceTree = "<group>"; };
		4003D5231DAB7F8B00E574B7 /* TranslateService.swift */ = {isa = PBXFileReference; fileEncoding = 4; lastKnownFileType = sourcecode.swift; path = TranslateService.swift; sourceTree = "<group>"; };
		4087612A1DAB9893008378DB /* TranslateDemo-Bridging-Header.h */ = {isa = PBXFileReference; lastKnownFileType = sourcecode.c.h; path = "TranslateDemo-Bridging-Header.h"; sourceTree = "<group>"; };
		4087612B1DAB9894008378DB /* XMLDictionary.h */ = {isa = PBXFileReference; fileEncoding = 4; lastKnownFileType = sourcecode.c.h; path = XMLDictionary.h; sourceTree = "<group>"; };
		4087612C1DAB9894008378DB /* XMLDictionary.m */ = {isa = PBXFileReference; fileEncoding = 4; lastKnownFileType = sourcecode.c.objc; path = XMLDictionary.m; sourceTree = "<group>"; };
		4087612E1DAC8702008378DB /* TranslateAPI.swift */ = {isa = PBXFileReference; fileEncoding = 4; lastKnownFileType = sourcecode.swift; path = TranslateAPI.swift; sourceTree = "<group>"; };
		4087613A1DACC738008378DB /* TextDrawable.swift */ = {isa = PBXFileReference; fileEncoding = 4; lastKnownFileType = sourcecode.swift; path = TextDrawable.swift; sourceTree = "<group>"; };
		5E6B95476C0AD4B63580F8BA /* Pods_TranslateDemo.framework */ = {isa = PBXFileReference; explicitFileType = wrapper.framework; includeInIndex = 0; path = Pods_TranslateDemo.framework; sourceTree = BUILT_PRODUCTS_DIR; };
		DE11A3A30BDA5F77EBEC76EA /* Pods-TranslateDemoTests.debug.xcconfig */ = {isa = PBXFileReference; includeInIndex = 1; lastKnownFileType = text.xcconfig; name = "Pods-TranslateDemoTests.debug.xcconfig"; path = "Pods/Target Support Files/Pods-TranslateDemoTests/Pods-TranslateDemoTests.debug.xcconfig"; sourceTree = "<group>"; };
		FC52AF8370D74C14FE83AB1D /* Pods-TranslateDemoUITests.debug.xcconfig */ = {isa = PBXFileReference; includeInIndex = 1; lastKnownFileType = text.xcconfig; name = "Pods-TranslateDemoUITests.debug.xcconfig"; path = "Pods/Target Support Files/Pods-TranslateDemoUITests/Pods-TranslateDemoUITests.debug.xcconfig"; sourceTree = "<group>"; };
/* End PBXFileReference section */

/* Begin PBXFrameworksBuildPhase section */
		4003D4EF1DAB7EFC00E574B7 /* Frameworks */ = {
			isa = PBXFrameworksBuildPhase;
			buildActionMask = 2147483647;
			files = (
				EBD75077C617707BD41FD220 /* Pods_TranslateDemo.framework in Frameworks */,
			);
			runOnlyForDeploymentPostprocessing = 0;
		};
		4003D5031DAB7EFC00E574B7 /* Frameworks */ = {
			isa = PBXFrameworksBuildPhase;
			buildActionMask = 2147483647;
			files = (
				F3729FCA41B584EDE4736D6E /* Pods_TranslateDemoTests.framework in Frameworks */,
			);
			runOnlyForDeploymentPostprocessing = 0;
		};
		4003D50E1DAB7EFC00E574B7 /* Frameworks */ = {
			isa = PBXFrameworksBuildPhase;
			buildActionMask = 2147483647;
			files = (
				82144E0BA890F6CCA8FD1110 /* Pods_TranslateDemoUITests.framework in Frameworks */,
			);
			runOnlyForDeploymentPostprocessing = 0;
		};
/* End PBXFrameworksBuildPhase section */

/* Begin PBXGroup section */
		4003D4E91DAB7EFC00E574B7 = {
			isa = PBXGroup;
			children = (
				4003D4F41DAB7EFC00E574B7 /* TranslateDemo */,
				4003D5091DAB7EFC00E574B7 /* TranslateDemoTests */,
				4003D5141DAB7EFC00E574B7 /* TranslateDemoUITests */,
				4003D4F31DAB7EFC00E574B7 /* Products */,
				540569DBB7135EDC3CACA68C /* Pods */,
				603A15FFE9125E044FAE2005 /* Frameworks */,
			);
			sourceTree = "<group>";
		};
		4003D4F31DAB7EFC00E574B7 /* Products */ = {
			isa = PBXGroup;
			children = (
				4003D4F21DAB7EFC00E574B7 /* TranslateDemo.app */,
				4003D5061DAB7EFC00E574B7 /* TranslateDemoTests.xctest */,
				4003D5111DAB7EFC00E574B7 /* TranslateDemoUITests.xctest */,
			);
			name = Products;
			sourceTree = "<group>";
		};
		4003D4F41DAB7EFC00E574B7 /* TranslateDemo */ = {
			isa = PBXGroup;
			children = (
				4087612B1DAB9894008378DB /* XMLDictionary.h */,
				4087612C1DAB9894008378DB /* XMLDictionary.m */,
				4003D4F51DAB7EFC00E574B7 /* AppDelegate.swift */,
				4003D4F71DAB7EFC00E574B7 /* ViewController.swift */,
				4087613A1DACC738008378DB /* TextDrawable.swift */,
				4003D5231DAB7F8B00E574B7 /* TranslateService.swift */,
				4087612E1DAC8702008378DB /* TranslateAPI.swift */,
				4003D4F91DAB7EFC00E574B7 /* Main.storyboard */,
				4003D4FC1DAB7EFC00E574B7 /* Assets.xcassets */,
				4003D4FE1DAB7EFC00E574B7 /* LaunchScreen.storyboard */,
				4003D5011DAB7EFC00E574B7 /* Info.plist */,
				4087612A1DAB9893008378DB /* TranslateDemo-Bridging-Header.h */,
			);
			path = TranslateDemo;
			sourceTree = "<group>";
		};
		4003D5091DAB7EFC00E574B7 /* TranslateDemoTests */ = {
			isa = PBXGroup;
			children = (
				4003D50A1DAB7EFC00E574B7 /* TranslateDemoTests.swift */,
				4003D50C1DAB7EFC00E574B7 /* Info.plist */,
			);
			path = TranslateDemoTests;
			sourceTree = "<group>";
		};
		4003D5141DAB7EFC00E574B7 /* TranslateDemoUITests */ = {
			isa = PBXGroup;
			children = (
				4003D5151DAB7EFC00E574B7 /* TranslateDemoUITests.swift */,
				4003D5171DAB7EFC00E574B7 /* Info.plist */,
			);
			path = TranslateDemoUITests;
			sourceTree = "<group>";
		};
		540569DBB7135EDC3CACA68C /* Pods */ = {
			isa = PBXGroup;
			children = (
				1D5E466343B9F36331CD5CE6 /* Pods-TranslateDemo.debug.xcconfig */,
				1DDFB0AEF6FEEA0614B2AD04 /* Pods-TranslateDemo.release.xcconfig */,
				DE11A3A30BDA5F77EBEC76EA /* Pods-TranslateDemoTests.debug.xcconfig */,
				15E68EAEFBACC8673BD5EB37 /* Pods-TranslateDemoTests.release.xcconfig */,
				FC52AF8370D74C14FE83AB1D /* Pods-TranslateDemoUITests.debug.xcconfig */,
				3A8B1ADE497FECEE003E61DC /* Pods-TranslateDemoUITests.release.xcconfig */,
			);
			name = Pods;
			sourceTree = "<group>";
		};
		603A15FFE9125E044FAE2005 /* Frameworks */ = {
			isa = PBXGroup;
			children = (
				5E6B95476C0AD4B63580F8BA /* Pods_TranslateDemo.framework */,
				1072CA4ED31BC89017E6556D /* Pods_TranslateDemoTests.framework */,
				3E5F0BDA24B5EB99CF5D8145 /* Pods_TranslateDemoUITests.framework */,
			);
			name = Frameworks;
			sourceTree = "<group>";
		};
/* End PBXGroup section */

/* Begin PBXNativeTarget section */
		4003D4F11DAB7EFC00E574B7 /* TranslateDemo */ = {
			isa = PBXNativeTarget;
			buildConfigurationList = 4003D51A1DAB7EFC00E574B7 /* Build configuration list for PBXNativeTarget "TranslateDemo" */;
			buildPhases = (
				7A6851D9D93DCC1BF0268835 /* [CP] Check Pods Manifest.lock */,
				4003D4EE1DAB7EFC00E574B7 /* Sources */,
				4003D4EF1DAB7EFC00E574B7 /* Frameworks */,
				4003D4F01DAB7EFC00E574B7 /* Resources */,
				4C435C1531DDF51E55F86BF1 /* [CP] Embed Pods Frameworks */,
				F5140698DC39920BC0A0524C /* [CP] Copy Pods Resources */,
			);
			buildRules = (
			);
			dependencies = (
			);
			name = TranslateDemo;
			productName = TranslateDemo;
			productReference = 4003D4F21DAB7EFC00E574B7 /* TranslateDemo.app */;
			productType = "com.apple.product-type.application";
		};
		4003D5051DAB7EFC00E574B7 /* TranslateDemoTests */ = {
			isa = PBXNativeTarget;
			buildConfigurationList = 4003D51D1DAB7EFC00E574B7 /* Build configuration list for PBXNativeTarget "TranslateDemoTests" */;
			buildPhases = (
				D8D821EC0062E969D86B7461 /* [CP] Check Pods Manifest.lock */,
				4003D5021DAB7EFC00E574B7 /* Sources */,
				4003D5031DAB7EFC00E574B7 /* Frameworks */,
				4003D5041DAB7EFC00E574B7 /* Resources */,
				71493CF30170E11F6884D7F0 /* [CP] Embed Pods Frameworks */,
				7968D5104C62C41D39F8D533 /* [CP] Copy Pods Resources */,
			);
			buildRules = (
			);
			dependencies = (
				4003D5081DAB7EFC00E574B7 /* PBXTargetDependency */,
			);
			name = TranslateDemoTests;
			productName = TranslateDemoTests;
			productReference = 4003D5061DAB7EFC00E574B7 /* TranslateDemoTests.xctest */;
			productType = "com.apple.product-type.bundle.unit-test";
		};
		4003D5101DAB7EFC00E574B7 /* TranslateDemoUITests */ = {
			isa = PBXNativeTarget;
			buildConfigurationList = 4003D5201DAB7EFC00E574B7 /* Build configuration list for PBXNativeTarget "TranslateDemoUITests" */;
			buildPhases = (
				66299481427B9DFF3EDED94C /* [CP] Check Pods Manifest.lock */,
				4003D50D1DAB7EFC00E574B7 /* Sources */,
				4003D50E1DAB7EFC00E574B7 /* Frameworks */,
				4003D50F1DAB7EFC00E574B7 /* Resources */,
				694E2ABB652964370728CDBC /* [CP] Copy Pods Resources */,
			);
			buildRules = (
			);
			dependencies = (
				4003D5131DAB7EFC00E574B7 /* PBXTargetDependency */,
			);
			name = TranslateDemoUITests;
			productName = TranslateDemoUITests;
			productReference = 4003D5111DAB7EFC00E574B7 /* TranslateDemoUITests.xctest */;
			productType = "com.apple.product-type.bundle.ui-testing";
		};
/* End PBXNativeTarget section */

/* Begin PBXProject section */
		4003D4EA1DAB7EFC00E574B7 /* Project object */ = {
			isa = PBXProject;
			attributes = {
				LastSwiftUpdateCheck = 0800;
				LastUpgradeCheck = 0800;
				ORGANIZATIONNAME = "zang qilong";
				TargetAttributes = {
					4003D4F11DAB7EFC00E574B7 = {
						CreatedOnToolsVersion = 8.0;
						DevelopmentTeam = 5LG2U242MJ;
						LastSwiftMigration = 0800;
						ProvisioningStyle = Automatic;
					};
					4003D5051DAB7EFC00E574B7 = {
						CreatedOnToolsVersion = 8.0;
						ProvisioningStyle = Automatic;
						TestTargetID = 4003D4F11DAB7EFC00E574B7;
					};
					4003D5101DAB7EFC00E574B7 = {
						CreatedOnToolsVersion = 8.0;
						ProvisioningStyle = Automatic;
						TestTargetID = 4003D4F11DAB7EFC00E574B7;
					};
				};
			};
			buildConfigurationList = 4003D4ED1DAB7EFC00E574B7 /* Build configuration list for PBXProject "TranslateDemo" */;
			compatibilityVersion = "Xcode 3.2";
			developmentRegion = English;
			hasScannedForEncodings = 0;
			knownRegions = (
				en,
				Base,
			);
			mainGroup = 4003D4E91DAB7EFC00E574B7;
			productRefGroup = 4003D4F31DAB7EFC00E574B7 /* Products */;
			projectDirPath = "";
			projectRoot = "";
			targets = (
				4003D4F11DAB7EFC00E574B7 /* TranslateDemo */,
				4003D5051DAB7EFC00E574B7 /* TranslateDemoTests */,
				4003D5101DAB7EFC00E574B7 /* TranslateDemoUITests */,
			);
		};
/* End PBXProject section */

/* Begin PBXResourcesBuildPhase section */
		4003D4F01DAB7EFC00E574B7 /* Resources */ = {
			isa = PBXResourcesBuildPhase;
			buildActionMask = 2147483647;
			files = (
				4003D5001DAB7EFC00E574B7 /* LaunchScreen.storyboard in Resources */,
				4003D4FD1DAB7EFC00E574B7 /* Assets.xcassets in Resources */,
				4003D4FB1DAB7EFC00E574B7 /* Main.storyboard in Resources */,
			);
			runOnlyForDeploymentPostprocessing = 0;
		};
		4003D5041DAB7EFC00E574B7 /* Resources */ = {
			isa = PBXResourcesBuildPhase;
			buildActionMask = 2147483647;
			files = (
			);
			runOnlyForDeploymentPostprocessing = 0;
		};
		4003D50F1DAB7EFC00E574B7 /* Resources */ = {
			isa = PBXResourcesBuildPhase;
			buildActionMask = 2147483647;
			files = (
			);
			runOnlyForDeploymentPostprocessing = 0;
		};
/* End PBXResourcesBuildPhase section */

/* Begin PBXShellScriptBuildPhase section */
		4C435C1531DDF51E55F86BF1 /* [CP] Embed Pods Frameworks */ = {
			isa = PBXShellScriptBuildPhase;
			buildActionMask = 2147483647;
			files = (
			);
			inputPaths = (
			);
			name = "[CP] Embed Pods Frameworks";
			outputPaths = (
			);
			runOnlyForDeploymentPostprocessing = 0;
			shellPath = /bin/sh;
			shellScript = "\"${SRCROOT}/Pods/Target Support Files/Pods-TranslateDemo/Pods-TranslateDemo-frameworks.sh\"\n";
			showEnvVarsInLog = 0;
		};
		66299481427B9DFF3EDED94C /* [CP] Check Pods Manifest.lock */ = {
			isa = PBXShellScriptBuildPhase;
			buildActionMask = 2147483647;
			files = (
			);
			inputPaths = (
			);
			name = "[CP] Check Pods Manifest.lock";
			outputPaths = (
			);
			runOnlyForDeploymentPostprocessing = 0;
			shellPath = /bin/sh;
			shellScript = "diff \"${PODS_ROOT}/../Podfile.lock\" \"${PODS_ROOT}/Manifest.lock\" > /dev/null\nif [[ $? != 0 ]] ; then\n    cat << EOM\nerror: The sandbox is not in sync with the Podfile.lock. Run 'pod install' or update your CocoaPods installation.\nEOM\n    exit 1\nfi\n";
			showEnvVarsInLog = 0;
		};
		694E2ABB652964370728CDBC /* [CP] Copy Pods Resources */ = {
			isa = PBXShellScriptBuildPhase;
			buildActionMask = 2147483647;
			files = (
			);
			inputPaths = (
			);
			name = "[CP] Copy Pods Resources";
			outputPaths = (
			);
			runOnlyForDeploymentPostprocessing = 0;
			shellPath = /bin/sh;
			shellScript = "\"${SRCROOT}/Pods/Target Support Files/Pods-TranslateDemoUITests/Pods-TranslateDemoUITests-resources.sh\"\n";
			showEnvVarsInLog = 0;
		};
		71493CF30170E11F6884D7F0 /* [CP] Embed Pods Frameworks */ = {
			isa = PBXShellScriptBuildPhase;
			buildActionMask = 2147483647;
			files = (
			);
			inputPaths = (
			);
			name = "[CP] Embed Pods Frameworks";
			outputPaths = (
			);
			runOnlyForDeploymentPostprocessing = 0;
			shellPath = /bin/sh;
			shellScript = "\"${SRCROOT}/Pods/Target Support Files/Pods-TranslateDemoTests/Pods-TranslateDemoTests-frameworks.sh\"\n";
			showEnvVarsInLog = 0;
		};
		7968D5104C62C41D39F8D533 /* [CP] Copy Pods Resources */ = {
			isa = PBXShellScriptBuildPhase;
			buildActionMask = 2147483647;
			files = (
			);
			inputPaths = (
			);
			name = "[CP] Copy Pods Resources";
			outputPaths = (
			);
			runOnlyForDeploymentPostprocessing = 0;
			shellPath = /bin/sh;
			shellScript = "\"${SRCROOT}/Pods/Target Support Files/Pods-TranslateDemoTests/Pods-TranslateDemoTests-resources.sh\"\n";
			showEnvVarsInLog = 0;
		};
		7A6851D9D93DCC1BF0268835 /* [CP] Check Pods Manifest.lock */ = {
			isa = PBXShellScriptBuildPhase;
			buildActionMask = 2147483647;
			files = (
			);
			inputPaths = (
			);
			name = "[CP] Check Pods Manifest.lock";
			outputPaths = (
			);
			runOnlyForDeploymentPostprocessing = 0;
			shellPath = /bin/sh;
			shellScript = "diff \"${PODS_ROOT}/../Podfile.lock\" \"${PODS_ROOT}/Manifest.lock\" > /dev/null\nif [[ $? != 0 ]] ; then\n    cat << EOM\nerror: The sandbox is not in sync with the Podfile.lock. Run 'pod install' or update your CocoaPods installation.\nEOM\n    exit 1\nfi\n";
			showEnvVarsInLog = 0;
		};
		D8D821EC0062E969D86B7461 /* [CP] Check Pods Manifest.lock */ = {
			isa = PBXShellScriptBuildPhase;
			buildActionMask = 2147483647;
			files = (
			);
			inputPaths = (
			);
			name = "[CP] Check Pods Manifest.lock";
			outputPaths = (
			);
			runOnlyForDeploymentPostprocessing = 0;
			shellPath = /bin/sh;
			shellScript = "diff \"${PODS_ROOT}/../Podfile.lock\" \"${PODS_ROOT}/Manifest.lock\" > /dev/null\nif [[ $? != 0 ]] ; then\n    cat << EOM\nerror: The sandbox is not in sync with the Podfile.lock. Run 'pod install' or update your CocoaPods installation.\nEOM\n    exit 1\nfi\n";
			showEnvVarsInLog = 0;
		};
		F5140698DC39920BC0A0524C /* [CP] Copy Pods Resources */ = {
			isa = PBXShellScriptBuildPhase;
			buildActionMask = 2147483647;
			files = (
			);
			inputPaths = (
			);
			name = "[CP] Copy Pods Resources";
			outputPaths = (
			);
			runOnlyForDeploymentPostprocessing = 0;
			shellPath = /bin/sh;
			shellScript = "\"${SRCROOT}/Pods/Target Support Files/Pods-TranslateDemo/Pods-TranslateDemo-resources.sh\"\n";
			showEnvVarsInLog = 0;
		};
/* End PBXShellScriptBuildPhase section */

/* Begin PBXSourcesBuildPhase section */
		4003D4EE1DAB7EFC00E574B7 /* Sources */ = {
			isa = PBXSourcesBuildPhase;
			buildActionMask = 2147483647;
			files = (
				4003D5241DAB7F8B00E574B7 /* TranslateService.swift in Sources */,
				4087612D1DAB9894008378DB /* XMLDictionary.m in Sources */,
				4087612F1DAC8702008378DB /* TranslateAPI.swift in Sources */,
				4003D4F81DAB7EFC00E574B7 /* ViewController.swift in Sources */,
				4087613B1DACC738008378DB /* TextDrawable.swift in Sources */,
				4003D4F61DAB7EFC00E574B7 /* AppDelegate.swift in Sources */,
			);
			runOnlyForDeploymentPostprocessing = 0;
		};
		4003D5021DAB7EFC00E574B7 /* Sources */ = {
			isa = PBXSourcesBuildPhase;
			buildActionMask = 2147483647;
			files = (
				4003D50B1DAB7EFC00E574B7 /* TranslateDemoTests.swift in Sources */,
			);
			runOnlyForDeploymentPostprocessing = 0;
		};
		4003D50D1DAB7EFC00E574B7 /* Sources */ = {
			isa = PBXSourcesBuildPhase;
			buildActionMask = 2147483647;
			files = (
				4003D5161DAB7EFC00E574B7 /* TranslateDemoUITests.swift in Sources */,
			);
			runOnlyForDeploymentPostprocessing = 0;
		};
/* End PBXSourcesBuildPhase section */

/* Begin PBXTargetDependency section */
		4003D5081DAB7EFC00E574B7 /* PBXTargetDependency */ = {
			isa = PBXTargetDependency;
			target = 4003D4F11DAB7EFC00E574B7 /* TranslateDemo */;
			targetProxy = 4003D5071DAB7EFC00E574B7 /* PBXContainerItemProxy */;
		};
		4003D5131DAB7EFC00E574B7 /* PBXTargetDependency */ = {
			isa = PBXTargetDependency;
			target = 4003D4F11DAB7EFC00E574B7 /* TranslateDemo */;
			targetProxy = 4003D5121DAB7EFC00E574B7 /* PBXContainerItemProxy */;
		};
/* End PBXTargetDependency section */

/* Begin PBXVariantGroup section */
		4003D4F91DAB7EFC00E574B7 /* Main.storyboard */ = {
			isa = PBXVariantGroup;
			children = (
				4003D4FA1DAB7EFC00E574B7 /* Base */,
			);
			name = Main.storyboard;
			sourceTree = "<group>";
		};
		4003D4FE1DAB7EFC00E574B7 /* LaunchScreen.storyboard */ = {
			isa = PBXVariantGroup;
			children = (
				4003D4FF1DAB7EFC00E574B7 /* Base */,
			);
			name = LaunchScreen.storyboard;
			sourceTree = "<group>";
		};
/* End PBXVariantGroup section */

/* Begin XCBuildConfiguration section */
		4003D5181DAB7EFC00E574B7 /* Debug */ = {
			isa = XCBuildConfiguration;
			buildSettings = {
				ALWAYS_SEARCH_USER_PATHS = NO;
				CLANG_ANALYZER_NONNULL = YES;
				CLANG_CXX_LANGUAGE_STANDARD = "gnu++0x";
				CLANG_CXX_LIBRARY = "libc++";
				CLANG_ENABLE_MODULES = YES;
				CLANG_ENABLE_OBJC_ARC = YES;
				CLANG_WARN_BOOL_CONVERSION = YES;
				CLANG_WARN_CONSTANT_CONVERSION = YES;
				CLANG_WARN_DIRECT_OBJC_ISA_USAGE = YES_ERROR;
				CLANG_WARN_DOCUMENTATION_COMMENTS = YES;
				CLANG_WARN_EMPTY_BODY = YES;
				CLANG_WARN_ENUM_CONVERSION = YES;
				CLANG_WARN_INFINITE_RECURSION = YES;
				CLANG_WARN_INT_CONVERSION = YES;
				CLANG_WARN_OBJC_ROOT_CLASS = YES_ERROR;
				CLANG_WARN_SUSPICIOUS_MOVES = YES;
				CLANG_WARN_UNREACHABLE_CODE = YES;
				CLANG_WARN__DUPLICATE_METHOD_MATCH = YES;
				"CODE_SIGN_IDENTITY[sdk=iphoneos*]" = "iPhone Developer";
				COPY_PHASE_STRIP = NO;
				DEBUG_INFORMATION_FORMAT = dwarf;
				ENABLE_STRICT_OBJC_MSGSEND = YES;
				ENABLE_TESTABILITY = YES;
				GCC_C_LANGUAGE_STANDARD = gnu99;
				GCC_DYNAMIC_NO_PIC = NO;
				GCC_NO_COMMON_BLOCKS = YES;
				GCC_OPTIMIZATION_LEVEL = 0;
				GCC_PREPROCESSOR_DEFINITIONS = (
					"DEBUG=1",
					"$(inherited)",
				);
				GCC_WARN_64_TO_32_BIT_CONVERSION = YES;
				GCC_WARN_ABOUT_RETURN_TYPE = YES_ERROR;
				GCC_WARN_UNDECLARED_SELECTOR = YES;
				GCC_WARN_UNINITIALIZED_AUTOS = YES_AGGRESSIVE;
				GCC_WARN_UNUSED_FUNCTION = YES;
				GCC_WARN_UNUSED_VARIABLE = YES;
				IPHONEOS_DEPLOYMENT_TARGET = 10.0;
				MTL_ENABLE_DEBUG_INFO = YES;
				ONLY_ACTIVE_ARCH = YES;
				SDKROOT = iphoneos;
				SWIFT_ACTIVE_COMPILATION_CONDITIONS = DEBUG;
				SWIFT_OPTIMIZATION_LEVEL = "-Onone";
				TARGETED_DEVICE_FAMILY = "1,2";
			};
			name = Debug;
		};
		4003D5191DAB7EFC00E574B7 /* Release */ = {
			isa = XCBuildConfiguration;
			buildSettings = {
				ALWAYS_SEARCH_USER_PATHS = NO;
				CLANG_ANALYZER_NONNULL = YES;
				CLANG_CXX_LANGUAGE_STANDARD = "gnu++0x";
				CLANG_CXX_LIBRARY = "libc++";
				CLANG_ENABLE_MODULES = YES;
				CLANG_ENABLE_OBJC_ARC = YES;
				CLANG_WARN_BOOL_CONVERSION = YES;
				CLANG_WARN_CONSTANT_CONVERSION = YES;
				CLANG_WARN_DIRECT_OBJC_ISA_USAGE = YES_ERROR;
				CLANG_WARN_DOCUMENTATION_COMMENTS = YES;
				CLANG_WARN_EMPTY_BODY = YES;
				CLANG_WARN_ENUM_CONVERSION = YES;
				CLANG_WARN_INFINITE_RECURSION = YES;
				CLANG_WARN_INT_CONVERSION = YES;
				CLANG_WARN_OBJC_ROOT_CLASS = YES_ERROR;
				CLANG_WARN_SUSPICIOUS_MOVES = YES;
				CLANG_WARN_UNREACHABLE_CODE = YES;
				CLANG_WARN__DUPLICATE_METHOD_MATCH = YES;
				"CODE_SIGN_IDENTITY[sdk=iphoneos*]" = "iPhone Developer";
				COPY_PHASE_STRIP = NO;
				DEBUG_INFORMATION_FORMAT = "dwarf-with-dsym";
				ENABLE_NS_ASSERTIONS = NO;
				ENABLE_STRICT_OBJC_MSGSEND = YES;
				GCC_C_LANGUAGE_STANDARD = gnu99;
				GCC_NO_COMMON_BLOCKS = YES;
				GCC_WARN_64_TO_32_BIT_CONVERSION = YES;
				GCC_WARN_ABOUT_RETURN_TYPE = YES_ERROR;
				GCC_WARN_UNDECLARED_SELECTOR = YES;
				GCC_WARN_UNINITIALIZED_AUTOS = YES_AGGRESSIVE;
				GCC_WARN_UNUSED_FUNCTION = YES;
				GCC_WARN_UNUSED_VARIABLE = YES;
				IPHONEOS_DEPLOYMENT_TARGET = 10.0;
				MTL_ENABLE_DEBUG_INFO = NO;
				SDKROOT = iphoneos;
				SWIFT_OPTIMIZATION_LEVEL = "-Owholemodule";
				TARGETED_DEVICE_FAMILY = "1,2";
				VALIDATE_PRODUCT = YES;
			};
			name = Release;
		};
		4003D51B1DAB7EFC00E574B7 /* Debug */ = {
			isa = XCBuildConfiguration;
			baseConfigurationReference = 1D5E466343B9F36331CD5CE6 /* Pods-TranslateDemo.debug.xcconfig */;
			buildSettings = {
				ASSETCATALOG_COMPILER_APPICON_NAME = AppIcon;
				CLANG_ENABLE_MODULES = YES;
				DEVELOPMENT_TEAM = 5LG2U242MJ;
				INFOPLIST_FILE = TranslateDemo/Info.plist;
				IPHONEOS_DEPLOYMENT_TARGET = 9.0;
				LD_RUNPATH_SEARCH_PATHS = "$(inherited) @executable_path/Frameworks";
				PRODUCT_BUNDLE_IDENTIFIER = com.zangqilong.TranslateDemo;
				PRODUCT_NAME = "$(TARGET_NAME)";
				SWIFT_OBJC_BRIDGING_HEADER = "TranslateDemo/TranslateDemo-Bridging-Header.h";
				SWIFT_OPTIMIZATION_LEVEL = "-Onone";
				SWIFT_VERSION = 3.0;
			};
			name = Debug;
		};
		4003D51C1DAB7EFC00E574B7 /* Release */ = {
			isa = XCBuildConfiguration;
			baseConfigurationReference = 1DDFB0AEF6FEEA0614B2AD04 /* Pods-TranslateDemo.release.xcconfig */;
			buildSettings = {
				ASSETCATALOG_COMPILER_APPICON_NAME = AppIcon;
				CLANG_ENABLE_MODULES = YES;
				DEVELOPMENT_TEAM = 5LG2U242MJ;
				INFOPLIST_FILE = TranslateDemo/Info.plist;
				IPHONEOS_DEPLOYMENT_TARGET = 9.0;
				LD_RUNPATH_SEARCH_PATHS = "$(inherited) @executable_path/Frameworks";
				PRODUCT_BUNDLE_IDENTIFIER = com.zangqilong.TranslateDemo;
				PRODUCT_NAME = "$(TARGET_NAME)";
				SWIFT_OBJC_BRIDGING_HEADER = "TranslateDemo/TranslateDemo-Bridging-Header.h";
				SWIFT_VERSION = 3.0;
			};
			name = Release;
		};
		4003D51E1DAB7EFC00E574B7 /* Debug */ = {
			isa = XCBuildConfiguration;
			baseConfigurationReference = DE11A3A30BDA5F77EBEC76EA /* Pods-TranslateDemoTests.debug.xcconfig */;
			buildSettings = {
				ALWAYS_EMBED_SWIFT_STANDARD_LIBRARIES = YES;
				BUNDLE_LOADER = "$(TEST_HOST)";
				INFOPLIST_FILE = TranslateDemoTests/Info.plist;
				LD_RUNPATH_SEARCH_PATHS = "$(inherited) @executable_path/Frameworks @loader_path/Frameworks";
				PRODUCT_BUNDLE_IDENTIFIER = com.zangqilong.TranslateDemoTests;
				PRODUCT_NAME = "$(TARGET_NAME)";
				SWIFT_VERSION = 3.0;
				TEST_HOST = "$(BUILT_PRODUCTS_DIR)/TranslateDemo.app/TranslateDemo";
			};
			name = Debug;
		};
		4003D51F1DAB7EFC00E574B7 /* Release */ = {
			isa = XCBuildConfiguration;
			baseConfigurationReference = 15E68EAEFBACC8673BD5EB37 /* Pods-TranslateDemoTests.release.xcconfig */;
			buildSettings = {
				ALWAYS_EMBED_SWIFT_STANDARD_LIBRARIES = YES;
				BUNDLE_LOADER = "$(TEST_HOST)";
				INFOPLIST_FILE = TranslateDemoTests/Info.plist;
				LD_RUNPATH_SEARCH_PATHS = "$(inherited) @executable_path/Frameworks @loader_path/Frameworks";
				PRODUCT_BUNDLE_IDENTIFIER = com.zangqilong.TranslateDemoTests;
				PRODUCT_NAME = "$(TARGET_NAME)";
				SWIFT_VERSION = 3.0;
				TEST_HOST = "$(BUILT_PRODUCTS_DIR)/TranslateDemo.app/TranslateDemo";
			};
			name = Release;
		};
		4003D5211DAB7EFC00E574B7 /* Debug */ = {
			isa = XCBuildConfiguration;
			baseConfigurationReference = FC52AF8370D74C14FE83AB1D /* Pods-TranslateDemoUITests.debug.xcconfig */;
			buildSettings = {
				ALWAYS_EMBED_SWIFT_STANDARD_LIBRARIES = YES;
				INFOPLIST_FILE = TranslateDemoUITests/Info.plist;
				LD_RUNPATH_SEARCH_PATHS = "$(inherited) @executable_path/Frameworks @loader_path/Frameworks";
				PRODUCT_BUNDLE_IDENTIFIER = com.zangqilong.TranslateDemoUITests;
				PRODUCT_NAME = "$(TARGET_NAME)";
				SWIFT_VERSION = 3.0;
				TEST_TARGET_NAME = TranslateDemo;
			};
			name = Debug;
		};
		4003D5221DAB7EFC00E574B7 /* Release */ = {
			isa = XCBuildConfiguration;
			baseConfigurationReference = 3A8B1ADE497FECEE003E61DC /* Pods-TranslateDemoUITests.release.xcconfig */;
			buildSettings = {
				ALWAYS_EMBED_SWIFT_STANDARD_LIBRARIES = YES;
				INFOPLIST_FILE = TranslateDemoUITests/Info.plist;
				LD_RUNPATH_SEARCH_PATHS = "$(inherited) @executable_path/Frameworks @loader_path/Frameworks";
				PRODUCT_BUNDLE_IDENTIFIER = com.zangqilong.TranslateDemoUITests;
				PRODUCT_NAME = "$(TARGET_NAME)";
				SWIFT_VERSION = 3.0;
				TEST_TARGET_NAME = TranslateDemo;
			};
			name = Release;
		};
/* End XCBuildConfiguration section */

/* Begin XCConfigurationList section */
		4003D4ED1DAB7EFC00E574B7 /* Build configuration list for PBXProject "TranslateDemo" */ = {
			isa = XCConfigurationList;
			buildConfigurations = (
				4003D5181DAB7EFC00E574B7 /* Debug */,
				4003D5191DAB7EFC00E574B7 /* Release */,
			);
			defaultConfigurationIsVisible = 0;
			defaultConfigurationName = Release;
		};
		4003D51A1DAB7EFC00E574B7 /* Build configuration list for PBXNativeTarget "TranslateDemo" */ = {
			isa = XCConfigurationList;
			buildConfigurations = (
				4003D51B1DAB7EFC00E574B7 /* Debug */,
				4003D51C1DAB7EFC00E574B7 /* Release */,
			);
			defaultConfigurationIsVisible = 0;
			defaultConfigurationName = Release;
		};
		4003D51D1DAB7EFC00E574B7 /* Build configuration list for PBXNativeTarget "TranslateDemoTests" */ = {
			isa = XCConfigurationList;
			buildConfigurations = (
				4003D51E1DAB7EFC00E574B7 /* Debug */,
				4003D51F1DAB7EFC00E574B7 /* Release */,
			);
			defaultConfigurationIsVisible = 0;
			defaultConfigurationName = Release;
		};
		4003D5201DAB7EFC00E574B7 /* Build configuration list for PBXNativeTarget "TranslateDemoUITests" */ = {
			isa = XCConfigurationList;
			buildConfigurations = (
				4003D5211DAB7EFC00E574B7 /* Debug */,
				4003D5221DAB7EFC00E574B7 /* Release */,
			);
			defaultConfigurationIsVisible = 0;
			defaultConfigurationName = Release;
		};
/* End XCConfigurationList section */
	};
	rootObject = 4003D4EA1DAB7EFC00E574B7 /* Project object */;
}
